
Microsoft Visual Studio Solution File, Format Version 12.00
# Visual Studio Version 16
VisualStudioVersion = 16.0.809.2
MinimumVisualStudioVersion = 10.0.40219.1
Project("{FAE04EC0-301F-11D3-BF4B-00C04F79EFBC}") = "MVC", "MVC.csproj", "{BBE4096B-C464-4FFC-ABBB-B5F309D39ACB}"
EndProject
Global
	GlobalSection(SolutionConfigurationPlatforms) = preSolution
		Debug|Any CPU = Debug|Any CPU
		Release|Any CPU = Release|Any CPU
	EndGlobalSection
	GlobalSection(ProjectConfigurationPlatforms) = postSolution
		{BBE4096B-C464-4FFC-ABBB-B5F309D39ACB}.Debug|Any CPU.ActiveCfg = Debug|Any CPU
		{BBE4096B-C464-4FFC-ABBB-B5F309D39ACB}.Debug|Any CPU.Build.0 = Debug|Any CPU
		{BBE4096B-C464-4FFC-ABBB-B5F309D39ACB}.Release|Any CPU.ActiveCfg = Release|Any CPU
		{BBE4096B-C464-4FFC-ABBB-B5F309D39ACB}.Release|Any CPU.Build.0 = Release|Any CPU
	EndGlobalSection
	GlobalSection(SolutionProperties) = preSolution
		HideSolutionNode = FALSE
	EndGlobalSection
	GlobalSection(ExtensibilityGlobals) = postSolution
		SolutionGuid = {C18B8F52-A90A-4883-92F2-4F26FCC138EF}
	EndGlobalSection
EndGlobal
